// !$*UTF8*$!
{
	archiveVersion = 1;
	classes = {
	};
	objectVersion = 56;
	objects = {

/* Begin PBXFileReference section */
		0019B2FC2B32E0420000CAEE /* Error.py */ = {isa = PBXFileReference; lastKnownFileType = text.script.python; path = Error.py; sourceTree = "<group>"; };
		001E5F342B2FF512001E31D5 /* requirements.txt */ = {isa = PBXFileReference; lastKnownFileType = text; path = requirements.txt; sourceTree = "<group>"; };
		001E5F362B2FF512001E31D5 /* AuthenticationManager.py */ = {isa = PBXFileReference; lastKnownFileType = text.script.python; path = AuthenticationManager.py; sourceTree = "<group>"; };
		001E5F3F2B2FF512001E31D5 /* UserManager.py */ = {isa = PBXFileReference; lastKnownFileType = text.script.python; path = UserManager.py; sourceTree = "<group>"; };
		001E5F402B2FF527001E31D5 /* README.md */ = {isa = PBXFileReference; lastKnownFileType = net.daringfireball.markdown; path = README.md; sourceTree = "<group>"; };
		001E5F412B2FF5F7001E31D5 /* lambda_function.py */ = {isa = PBXFileReference; lastKnownFileType = text.script.python; path = lambda_function.py; sourceTree = "<group>"; };
		001E5F442B2FF7E7001E31D5 /* HTTP.py */ = {isa = PBXFileReference; lastKnownFileType = text.script.python; path = HTTP.py; sourceTree = "<group>"; };
		001E5F462B2FF99F001E31D5 /* Event.py */ = {isa = PBXFileReference; lastKnownFileType = text.script.python; path = Event.py; sourceTree = "<group>"; };
		001E5F482B300B38001E31D5 /* __init__.py */ = {isa = PBXFileReference; lastKnownFileType = text.script.python; path = __init__.py; sourceTree = "<group>"; };
		00783FC02B33C12E00E4AE45 /* AuthenticationData.py */ = {isa = PBXFileReference; lastKnownFileType = text.script.python; path = AuthenticationData.py; sourceTree = "<group>"; };
		00783FC22B33CEA600E4AE45 /* Dockerfile */ = {isa = PBXFileReference; lastKnownFileType = text; path = Dockerfile; sourceTree = "<group>"; };
		00ACCBD72B31865B00BC7A68 /* UserRequest.py */ = {isa = PBXFileReference; lastKnownFileType = text.script.python; path = UserRequest.py; sourceTree = "<group>"; };
		00ACCBD92B318B7500BC7A68 /* User.py */ = {isa = PBXFileReference; lastKnownFileType = text.script.python; path = User.py; sourceTree = "<group>"; };
/* End PBXFileReference section */

/* Begin PBXGroup section */
		001E5F2C2B2FF4F9001E31D5 = {
			isa = PBXGroup;
			children = (
				001E5F402B2FF527001E31D5 /* README.md */,
				001E5F342B2FF512001E31D5 /* requirements.txt */,
				00783FC22B33CEA600E4AE45 /* Dockerfile */,
				001E5F472B300902001E31D5 /* app */,
			);
			sourceTree = "<group>";
		};
		001E5F332B2FF512001E31D5 /* auth */ = {
			isa = PBXGroup;
			children = (
				001E5F362B2FF512001E31D5 /* AuthenticationManager.py */,
				00783FBE2B33C0A300E4AE45 /* models */,
			);
			path = auth;
			sourceTree = "<group>";
		};
		001E5F3C2B2FF512001E31D5 /* user */ = {
			isa = PBXGroup;
			children = (
				001E5F3F2B2FF512001E31D5 /* UserManager.py */,
				00783FBD2B33C07800E4AE45 /* models */,
			);
			path = user;
			sourceTree = "<group>";
		};
		001E5F422B2FF720001E31D5 /* common */ = {
			isa = PBXGroup;
			children = (
				001E5F442B2FF7E7001E31D5 /* HTTP.py */,
				001E5F462B2FF99F001E31D5 /* Event.py */,
				0019B2FC2B32E0420000CAEE /* Error.py */,
			);
			path = common;
			sourceTree = "<group>";
		};
		001E5F472B300902001E31D5 /* app */ = {
			isa = PBXGroup;
			children = (
				001E5F482B300B38001E31D5 /* __init__.py */,
				001E5F412B2FF5F7001E31D5 /* lambda_function.py */,
				001E5F332B2FF512001E31D5 /* auth */,
				001E5F3C2B2FF512001E31D5 /* user */,
				001E5F422B2FF720001E31D5 /* common */,
			);
			path = app;
			sourceTree = "<group>";
		};
		00783FBD2B33C07800E4AE45 /* models */ = {
			isa = PBXGroup;
			children = (
				00ACCBD72B31865B00BC7A68 /* UserRequest.py */,
				00ACCBD92B318B7500BC7A68 /* User.py */,
			);
			path = models;
			sourceTree = "<group>";
		};
		00783FBE2B33C0A300E4AE45 /* models */ = {
			isa = PBXGroup;
			children = (
				00783FC02B33C12E00E4AE45 /* AuthenticationData.py */,
			);
			path = models;
			sourceTree = "<group>";
		};
/* End PBXGroup section */

/* Begin PBXProject section */
		001E5F2D2B2FF4F9001E31D5 /* Project object */ = {
			isa = PBXProject;
			attributes = {
				BuildIndependentTargetsInParallel = 1;
				LastUpgradeCheck = 1520;
			};
			buildConfigurationList = 001E5F302B2FF4F9001E31D5 /* Build configuration list for PBXProject "Physical-backend" */;
			compatibilityVersion = "Xcode 14.0";
			developmentRegion = en;
			hasScannedForEncodings = 0;
			knownRegions = (
				en,
				Base,
			);
			mainGroup = 001E5F2C2B2FF4F9001E31D5;
			projectDirPath = "";
			projectRoot = "";
			targets = (
			);
		};
/* End PBXProject section */

/* Begin XCBuildConfiguration section */
		001E5F312B2FF4F9001E31D5 /* Debug */ = {
			isa = XCBuildConfiguration;
			buildSettings = {
			};
			name = Debug;
		};
		001E5F322B2FF4F9001E31D5 /* Release */ = {
			isa = XCBuildConfiguration;
			buildSettings = {
			};
			name = Release;
		};
/* End XCBuildConfiguration section */

/* Begin XCConfigurationList section */
		001E5F302B2FF4F9001E31D5 /* Build configuration list for PBXProject "Physical-backend" */ = {
			isa = XCConfigurationList;
			buildConfigurations = (
				001E5F312B2FF4F9001E31D5 /* Debug */,
				001E5F322B2FF4F9001E31D5 /* Release */,
			);
			defaultConfigurationIsVisible = 0;
			defaultConfigurationName = Release;
		};
/* End XCConfigurationList section */
	};
	rootObject = 001E5F2D2B2FF4F9001E31D5 /* Project object */;
}
